
Microsoft Visual Studio Solution File, Format Version 12.00
# Visual Studio Version 17
VisualStudioVersion = 17.3.32825.248
MinimumVisualStudioVersion = 10.0.40219.1
Project("{FAE04EC0-301F-11D3-BF4B-00C04F79EFBC}") = "CineHoytsBack", "CineHoytsBack\CineHoytsBack.csproj", "{EC0A07B2-823B-48A0-B3A2-D39353C34CF9}"
EndProject
Project("{9A19103F-16F7-4668-BE54-9A1E7A4F7556}") = "CineHoytsAPI", "CineHoytsAPI\CineHoytsAPI.csproj", "{C30DBA21-C918-4650-9617-B8F173406566}"
EndProject
Project("{FAE04EC0-301F-11D3-BF4B-00C04F79EFBC}") = "CineHoytsFront", "CineHoytsFront\CineHoytsFront.csproj", "{084AC5C8-7AA8-446F-9E5C-4FC25732C3C6}"
EndProject
Global
	GlobalSection(SolutionConfigurationPlatforms) = preSolution
		Debug|Any CPU = Debug|Any CPU
		Release|Any CPU = Release|Any CPU
	EndGlobalSection
	GlobalSection(ProjectConfigurationPlatforms) = postSolution
		{EC0A07B2-823B-48A0-B3A2-D39353C34CF9}.Debug|Any CPU.ActiveCfg = Debug|Any CPU
		{EC0A07B2-823B-48A0-B3A2-D39353C34CF9}.Debug|Any CPU.Build.0 = Debug|Any CPU
		{EC0A07B2-823B-48A0-B3A2-D39353C34CF9}.Release|Any CPU.ActiveCfg = Release|Any CPU
		{EC0A07B2-823B-48A0-B3A2-D39353C34CF9}.Release|Any CPU.Build.0 = Release|Any CPU
		{C30DBA21-C918-4650-9617-B8F173406566}.Debug|Any CPU.ActiveCfg = Debug|Any CPU
		{C30DBA21-C918-4650-9617-B8F173406566}.Debug|Any CPU.Build.0 = Debug|Any CPU
		{C30DBA21-C918-4650-9617-B8F173406566}.Release|Any CPU.ActiveCfg = Release|Any CPU
		{C30DBA21-C918-4650-9617-B8F173406566}.Release|Any CPU.Build.0 = Release|Any CPU
		{084AC5C8-7AA8-446F-9E5C-4FC25732C3C6}.Debug|Any CPU.ActiveCfg = Debug|Any CPU
		{084AC5C8-7AA8-446F-9E5C-4FC25732C3C6}.Debug|Any CPU.Build.0 = Debug|Any CPU
		{084AC5C8-7AA8-446F-9E5C-4FC25732C3C6}.Release|Any CPU.ActiveCfg = Release|Any CPU
		{084AC5C8-7AA8-446F-9E5C-4FC25732C3C6}.Release|Any CPU.Build.0 = Release|Any CPU
	EndGlobalSection
	GlobalSection(SolutionProperties) = preSolution
		HideSolutionNode = FALSE
	EndGlobalSection
	GlobalSection(ExtensibilityGlobals) = postSolution
		SolutionGuid = {899F0A63-5F6B-4D7C-8F5C-24091871B027}
	EndGlobalSection
EndGlobal
